
Microsoft Visual Studio Solution File, Format Version 12.00
# Visual Studio 15
VisualStudioVersion = 15.0.28307.1145
MinimumVisualStudioVersion = 10.0.40219.1
Project("{FAE04EC0-301F-11D3-BF4B-00C04F79EFBC}") = "MaxTemp", "MaxTemp\MaxTemp.csproj", "{B45271A9-5D2D-48EF-9A99-BF38062C3AB8}"
EndProject
Global
	GlobalSection(SolutionConfigurationPlatforms) = preSolution
		Debug|Any CPU = Debug|Any CPU
		Release|Any CPU = Release|Any CPU
	EndGlobalSection
	GlobalSection(ProjectConfigurationPlatforms) = postSolution
		{B45271A9-5D2D-48EF-9A99-BF38062C3AB8}.Debug|Any CPU.ActiveCfg = Debug|Any CPU
		{B45271A9-5D2D-48EF-9A99-BF38062C3AB8}.Debug|Any CPU.Build.0 = Debug|Any CPU
		{B45271A9-5D2D-48EF-9A99-BF38062C3AB8}.Release|Any CPU.ActiveCfg = Release|Any CPU
		{B45271A9-5D2D-48EF-9A99-BF38062C3AB8}.Release|Any CPU.Build.0 = Release|Any CPU
	EndGlobalSection
	GlobalSection(SolutionProperties) = preSolution
		HideSolutionNode = FALSE
	EndGlobalSection
	GlobalSection(ExtensibilityGlobals) = postSolution
		SolutionGuid = {5EF99DA5-F2DC-4B18-BE23-1770606CA5A2}
	EndGlobalSection
EndGlobal
